
Microsoft Visual Studio Solution File, Format Version 12.00
# Visual Studio Version 16
VisualStudioVersion = 16.0.31129.286
MinimumVisualStudioVersion = 10.0.40219.1
Project("{8BC9CEB8-8B4A-11D0-8D11-00A0C91BC942}") = "Sandbox", "Sandbox\Sandbox.vcxproj", "{00B3D010-72FC-4A72-A7CE-29F0C3FA3D79}"
EndProject
Project("{8BC9CEB8-8B4A-11D0-8D11-00A0C91BC942}") = "Cobranium", "Cobranium\Cobranium.vcxproj", "{C5BBE2F9-1619-4DA8-B5FD-B249FEFAFA45}"
EndProject
Global
	GlobalSection(SolutionConfigurationPlatforms) = preSolution
		Debug|x64 = Debug|x64
		Release|x64 = Release|x64
	EndGlobalSection
	GlobalSection(ProjectConfigurationPlatforms) = postSolution
		{C5BBE2F9-1619-4DA8-B5FD-B249FEFAFA45}.Debug|x64.ActiveCfg = Debug|x64
		{C5BBE2F9-1619-4DA8-B5FD-B249FEFAFA45}.Debug|x64.Build.0 = Debug|x64
		{C5BBE2F9-1619-4DA8-B5FD-B249FEFAFA45}.Release|x64.ActiveCfg = Release|x64
		{C5BBE2F9-1619-4DA8-B5FD-B249FEFAFA45}.Release|x64.Build.0 = Release|x64
		{00B3D010-72FC-4A72-A7CE-29F0C3FA3D79}.Debug|x64.ActiveCfg = Debug|x64
		{00B3D010-72FC-4A72-A7CE-29F0C3FA3D79}.Debug|x64.Build.0 = Debug|x64
		{00B3D010-72FC-4A72-A7CE-29F0C3FA3D79}.Release|x64.ActiveCfg = Release|x64
		{00B3D010-72FC-4A72-A7CE-29F0C3FA3D79}.Release|x64.Build.0 = Release|x64
	EndGlobalSection
	GlobalSection(SolutionProperties) = preSolution
		HideSolutionNode = FALSE
	EndGlobalSection
	GlobalSection(ExtensibilityGlobals) = postSolution
		SolutionGuid = {6DEAE0B1-B1A4-48AC-ABC1-3D5616E2381E}
	EndGlobalSection
EndGlobal
