<?xml version="1.0" encoding="utf-8"?>
<Project ToolsVersion="4.0" xmlns="http://schemas.microsoft.com/developer/msbuild/2003">
  <ItemGroup>
    <Filter Include="CobraniumEngine">
      <UniqueIdentifier>{9B70BDA9-07FC-2A6E-100D-AE627C17876E}</UniqueIdentifier>
    </Filter>
    <Filter Include="CobraniumEngine\Events">
      <UniqueIdentifier>{1F009157-0BFA-B9A9-F466-50BAE0FF1F16}</UniqueIdentifier>
    </Filter>
  </ItemGroup>
  <ItemGroup>
    <ClInclude Include="src\CEpch.h" />
    <ClInclude Include="src\Cobranium.h" />
    <ClInclude Include="src\CobraniumEngine\Application.h">
      <Filter>CobraniumEngine</Filter>
    </ClInclude>
    <ClInclude Include="src\CobraniumEngine\Core.h">
      <Filter>CobraniumEngine</Filter>
    </ClInclude>
    <ClInclude Include="src\CobraniumEngine\EntryPoint.h">
      <Filter>CobraniumEngine</Filter>
    </ClInclude>
    <ClInclude Include="src\CobraniumEngine\Events\ApplicationEvent.h">
      <Filter>CobraniumEngine\Events</Filter>
    </ClInclude>
    <ClInclude Include="src\CobraniumEngine\Events\Event.h">
      <Filter>CobraniumEngine\Events</Filter>
    </ClInclude>
    <ClInclude Include="src\CobraniumEngine\Events\KeyEvent.h">
      <Filter>CobraniumEngine\Events</Filter>
    </ClInclude>
    <ClInclude Include="src\CobraniumEngine\Events\MouseEvent.h">
      <Filter>CobraniumEngine\Events</Filter>
    </ClInclude>
    <ClInclude Include="src\CobraniumEngine\Log.h">
      <Filter>CobraniumEngine</Filter>
    </ClInclude>
    <ClInclude Include="src\Test.h" />
  </ItemGroup>
  <ItemGroup>
    <ClCompile Include="src\CEpch.cpp" />
    <ClCompile Include="src\CobraniumEngine\Application.cpp">
      <Filter>CobraniumEngine</Filter>
    </ClCompile>
    <ClCompile Include="src\CobraniumEngine\Log.cpp">
      <Filter>CobraniumEngine</Filter>
    </ClCompile>
    <ClCompile Include="src\Test.cpp" />
  </ItemGroup>
</Project>